
Microsoft Visual Studio Solution File, Format Version 12.00
# Visual Studio 15
Project("{FAE04EC0-301F-11D3-BF4B-00C04F79EFBC}") = "Assembly-CSharp", "Assembly-CSharp.csproj", "{C480132B-BB88-367C-66EB-5B50D6BC9E82}"
EndProject
Project("{FAE04EC0-301F-11D3-BF4B-00C04F79EFBC}") = "Assembly-CSharp-firstpass", "Assembly-CSharp-firstpass.csproj", "{78533352-09A1-6065-F329-3FDF72F7785E}"
EndProject
Project("{FAE04EC0-301F-11D3-BF4B-00C04F79EFBC}") = "Assembly-CSharp-Editor-firstpass", "Assembly-CSharp-Editor-firstpass.csproj", "{910E6BE6-F3D6-F867-C50C-D5A42018226A}"
EndProject
Project("{FAE04EC0-301F-11D3-BF4B-00C04F79EFBC}") = "Assembly-CSharp-Editor", "Assembly-CSharp-Editor.csproj", "{F34AD07B-A2DD-0BDC-E2C4-4AF825EC8876}"
EndProject
Global
	GlobalSection(SolutionConfigurationPlatforms) = preSolution
		Debug|Any CPU = Debug|Any CPU
		Release|Any CPU = Release|Any CPU
	EndGlobalSection
	GlobalSection(ProjectConfigurationPlatforms) = postSolution
		{C480132B-BB88-367C-66EB-5B50D6BC9E82}.Debug|Any CPU.ActiveCfg = Debug|Any CPU
		{C480132B-BB88-367C-66EB-5B50D6BC9E82}.Debug|Any CPU.Build.0 = Debug|Any CPU
		{C480132B-BB88-367C-66EB-5B50D6BC9E82}.Release|Any CPU.ActiveCfg = Release|Any CPU
		{C480132B-BB88-367C-66EB-5B50D6BC9E82}.Release|Any CPU.Build.0 = Release|Any CPU
		{78533352-09A1-6065-F329-3FDF72F7785E}.Debug|Any CPU.ActiveCfg = Debug|Any CPU
		{78533352-09A1-6065-F329-3FDF72F7785E}.Debug|Any CPU.Build.0 = Debug|Any CPU
		{78533352-09A1-6065-F329-3FDF72F7785E}.Release|Any CPU.ActiveCfg = Release|Any CPU
		{78533352-09A1-6065-F329-3FDF72F7785E}.Release|Any CPU.Build.0 = Release|Any CPU
		{910E6BE6-F3D6-F867-C50C-D5A42018226A}.Debug|Any CPU.ActiveCfg = Debug|Any CPU
		{910E6BE6-F3D6-F867-C50C-D5A42018226A}.Debug|Any CPU.Build.0 = Debug|Any CPU
		{910E6BE6-F3D6-F867-C50C-D5A42018226A}.Release|Any CPU.ActiveCfg = Release|Any CPU
		{910E6BE6-F3D6-F867-C50C-D5A42018226A}.Release|Any CPU.Build.0 = Release|Any CPU
		{F34AD07B-A2DD-0BDC-E2C4-4AF825EC8876}.Debug|Any CPU.ActiveCfg = Debug|Any CPU
		{F34AD07B-A2DD-0BDC-E2C4-4AF825EC8876}.Debug|Any CPU.Build.0 = Debug|Any CPU
		{F34AD07B-A2DD-0BDC-E2C4-4AF825EC8876}.Release|Any CPU.ActiveCfg = Release|Any CPU
		{F34AD07B-A2DD-0BDC-E2C4-4AF825EC8876}.Release|Any CPU.Build.0 = Release|Any CPU
	EndGlobalSection
	GlobalSection(SolutionProperties) = preSolution
		HideSolutionNode = FALSE
	EndGlobalSection
EndGlobal
